
Microsoft Visual Studio Solution File, Format Version 12.00
# Visual Studio Version 16
VisualStudioVersion = 16.0.810.6
MinimumVisualStudioVersion = 10.0.40219.1
Project("{FAE04EC0-301F-11D3-BF4B-00C04F79EFBC}") = "VarDemo", "VarDemo\VarDemo.csproj", "{695EAE62-1634-4EFB-B5B3-C242F0D83434}"
EndProject
Project("{FAE04EC0-301F-11D3-BF4B-00C04F79EFBC}") = "RoomCalculator", "RoomCalculator\RoomCalculator.csproj", "{30AC94B3-98DF-4EA7-9656-F5C669DC48F8}"
EndProject
Project("{FAE04EC0-301F-11D3-BF4B-00C04F79EFBC}") = "ExpressionDemo", "ExpressionDemo\ExpressionDemo.csproj", "{B49497FF-40CA-48B1-BBDF-7CC5A7317234}"
EndProject
Project("{FAE04EC0-301F-11D3-BF4B-00C04F79EFBC}") = "IfElseDemo", "IfElseDemo\IfElseDemo.csproj", "{9CE292E9-8436-4B61-9E6E-21397CC90359}"
EndProject
Project("{FAE04EC0-301F-11D3-BF4B-00C04F79EFBC}") = "LoopDemo", "LoopDemo\LoopDemo.csproj", "{719619FD-BBD3-4F4D-94C6-42710938F5FB}"
EndProject
Project("{FAE04EC0-301F-11D3-BF4B-00C04F79EFBC}") = "NumberAnalyzer", "NumberAnalyzer\NumberAnalyzer.csproj", "{874C2C33-A8DD-4C18-A59F-6EF522C0C006}"
EndProject
Project("{FAE04EC0-301F-11D3-BF4B-00C04F79EFBC}") = "Lab2Demo", "Lab2Demo\Lab2Demo.csproj", "{B897D800-5C80-4C52-8F6E-21B1ECB73280}"
EndProject
Project("{FAE04EC0-301F-11D3-BF4B-00C04F79EFBC}") = "LoopDemo2", "LoopDemo2\LoopDemo2.csproj", "{7D4457A4-F617-4457-ADFC-4808F2032306}"
EndProject
Project("{FAE04EC0-301F-11D3-BF4B-00C04F79EFBC}") = "MethodDemo", "MethodDemo\MethodDemo.csproj", "{618A39DF-3310-4EFF-92B6-B0CD313E8B92}"
EndProject
Project("{2150E333-8FDC-42A3-9474-1A3956D46DE8}") = "Solution Items", "Solution Items", "{878FBCD4-0F8B-4D44-961D-C4C710CF53A8}"
	ProjectSection(SolutionItems) = preProject
		Program.cs = Program.cs
	EndProjectSection
EndProject
Project("{FAE04EC0-301F-11D3-BF4B-00C04F79EFBC}") = "NumAnalyzer2", "NumAnalyzer2\NumAnalyzer2.csproj", "{829E71A7-BED1-4F85-AF79-6002CD2385ED}"
EndProject
Project("{FAE04EC0-301F-11D3-BF4B-00C04F79EFBC}") = "ExponentsPowerTable", "ExponentsPowerTable\ExponentsPowerTable.csproj", "{D8E26A1A-AF1D-4889-A72F-546EAAF8303F}"
EndProject
Global
	GlobalSection(SolutionConfigurationPlatforms) = preSolution
		Debug|anycpu = Debug|anycpu
		Release|anycpu = Release|anycpu
	EndGlobalSection
	GlobalSection(ProjectConfigurationPlatforms) = postSolution
		{695EAE62-1634-4EFB-B5B3-C242F0D83434}.Debug|anycpu.ActiveCfg = Debug|anycpu
		{695EAE62-1634-4EFB-B5B3-C242F0D83434}.Debug|anycpu.Build.0 = Debug|anycpu
		{695EAE62-1634-4EFB-B5B3-C242F0D83434}.Release|anycpu.ActiveCfg = Release|anycpu
		{695EAE62-1634-4EFB-B5B3-C242F0D83434}.Release|anycpu.Build.0 = Release|anycpu
		{30AC94B3-98DF-4EA7-9656-F5C669DC48F8}.Debug|anycpu.ActiveCfg = Debug|anycpu
		{30AC94B3-98DF-4EA7-9656-F5C669DC48F8}.Debug|anycpu.Build.0 = Debug|anycpu
		{30AC94B3-98DF-4EA7-9656-F5C669DC48F8}.Release|anycpu.ActiveCfg = Release|anycpu
		{30AC94B3-98DF-4EA7-9656-F5C669DC48F8}.Release|anycpu.Build.0 = Release|anycpu
		{B49497FF-40CA-48B1-BBDF-7CC5A7317234}.Debug|anycpu.ActiveCfg = Debug|anycpu
		{B49497FF-40CA-48B1-BBDF-7CC5A7317234}.Debug|anycpu.Build.0 = Debug|anycpu
		{B49497FF-40CA-48B1-BBDF-7CC5A7317234}.Release|anycpu.ActiveCfg = Release|anycpu
		{B49497FF-40CA-48B1-BBDF-7CC5A7317234}.Release|anycpu.Build.0 = Release|anycpu
		{9CE292E9-8436-4B61-9E6E-21397CC90359}.Debug|anycpu.ActiveCfg = Debug|anycpu
		{9CE292E9-8436-4B61-9E6E-21397CC90359}.Debug|anycpu.Build.0 = Debug|anycpu
		{9CE292E9-8436-4B61-9E6E-21397CC90359}.Release|anycpu.ActiveCfg = Release|anycpu
		{9CE292E9-8436-4B61-9E6E-21397CC90359}.Release|anycpu.Build.0 = Release|anycpu
		{719619FD-BBD3-4F4D-94C6-42710938F5FB}.Debug|anycpu.ActiveCfg = Debug|anycpu
		{719619FD-BBD3-4F4D-94C6-42710938F5FB}.Debug|anycpu.Build.0 = Debug|anycpu
		{719619FD-BBD3-4F4D-94C6-42710938F5FB}.Release|anycpu.ActiveCfg = Release|anycpu
		{719619FD-BBD3-4F4D-94C6-42710938F5FB}.Release|anycpu.Build.0 = Release|anycpu
		{874C2C33-A8DD-4C18-A59F-6EF522C0C006}.Debug|anycpu.ActiveCfg = Debug|anycpu
		{874C2C33-A8DD-4C18-A59F-6EF522C0C006}.Debug|anycpu.Build.0 = Debug|anycpu
		{874C2C33-A8DD-4C18-A59F-6EF522C0C006}.Release|anycpu.ActiveCfg = Release|anycpu
		{874C2C33-A8DD-4C18-A59F-6EF522C0C006}.Release|anycpu.Build.0 = Release|anycpu
		{B897D800-5C80-4C52-8F6E-21B1ECB73280}.Debug|anycpu.ActiveCfg = Debug|anycpu
		{B897D800-5C80-4C52-8F6E-21B1ECB73280}.Debug|anycpu.Build.0 = Debug|anycpu
		{B897D800-5C80-4C52-8F6E-21B1ECB73280}.Release|anycpu.ActiveCfg = Release|anycpu
		{B897D800-5C80-4C52-8F6E-21B1ECB73280}.Release|anycpu.Build.0 = Release|anycpu
		{7D4457A4-F617-4457-ADFC-4808F2032306}.Debug|anycpu.ActiveCfg = Debug|anycpu
		{7D4457A4-F617-4457-ADFC-4808F2032306}.Debug|anycpu.Build.0 = Debug|anycpu
		{7D4457A4-F617-4457-ADFC-4808F2032306}.Release|anycpu.ActiveCfg = Release|anycpu
		{7D4457A4-F617-4457-ADFC-4808F2032306}.Release|anycpu.Build.0 = Release|anycpu
		{618A39DF-3310-4EFF-92B6-B0CD313E8B92}.Debug|anycpu.ActiveCfg = Debug|anycpu
		{618A39DF-3310-4EFF-92B6-B0CD313E8B92}.Debug|anycpu.Build.0 = Debug|anycpu
		{618A39DF-3310-4EFF-92B6-B0CD313E8B92}.Release|anycpu.ActiveCfg = Release|anycpu
		{618A39DF-3310-4EFF-92B6-B0CD313E8B92}.Release|anycpu.Build.0 = Release|anycpu
		{829E71A7-BED1-4F85-AF79-6002CD2385ED}.Debug|anycpu.ActiveCfg = Debug|anycpu
		{829E71A7-BED1-4F85-AF79-6002CD2385ED}.Debug|anycpu.Build.0 = Debug|anycpu
		{829E71A7-BED1-4F85-AF79-6002CD2385ED}.Release|anycpu.ActiveCfg = Release|anycpu
		{829E71A7-BED1-4F85-AF79-6002CD2385ED}.Release|anycpu.Build.0 = Release|anycpu
		{D8E26A1A-AF1D-4889-A72F-546EAAF8303F}.Debug|anycpu.ActiveCfg = Debug|anycpu
		{D8E26A1A-AF1D-4889-A72F-546EAAF8303F}.Debug|anycpu.Build.0 = Debug|anycpu
		{D8E26A1A-AF1D-4889-A72F-546EAAF8303F}.Release|anycpu.ActiveCfg = Release|anycpu
		{D8E26A1A-AF1D-4889-A72F-546EAAF8303F}.Release|anycpu.Build.0 = Release|anycpu
	EndGlobalSection
	GlobalSection(SolutionProperties) = preSolution
		HideSolutionNode = FALSE
	EndGlobalSection
	GlobalSection(ExtensibilityGlobals) = postSolution
		SolutionGuid = {0226AC6D-C029-4024-B2B5-99D29F9B36DF}
	EndGlobalSection
EndGlobal
